
Microsoft Visual Studio Solution File, Format Version 12.00
# Visual Studio Version 17
VisualStudioVersion = 17.9.34607.119
MinimumVisualStudioVersion = 10.0.40219.1
Project("{9A19103F-16F7-4668-BE54-9A1E7A4F7556}") = "ControleFinanceiro.Application", "ControleFinanceiro.Application\ControleFinanceiro.Application.csproj", "{DB831A25-ADCB-4641-8038-24AB9FECACFC}"
EndProject
Project("{9A19103F-16F7-4668-BE54-9A1E7A4F7556}") = "ControleFinanceiro.WebSite", "ControleFinanceiro.WebSite\ControleFinanceiro.WebSite.csproj", "{E3C1EF9B-6B29-40BE-AB93-035AAE2B1ED6}"
EndProject
Project("{9A19103F-16F7-4668-BE54-9A1E7A4F7556}") = "ControleFinanceiro.WebAPI", "ControleFinanceiro.WebAPI\ControleFinanceiro.WebAPI.csproj", "{26D1FB16-C578-45D5-A6DE-27C32F42008D}"
EndProject
Project("{9A19103F-16F7-4668-BE54-9A1E7A4F7556}") = "ControleFinanceiro.Domain", "ControleFinanceiro.Domain\ControleFinanceiro.Domain.csproj", "{3BA2CC73-BB2A-422F-B279-DD79E435CC43}"
EndProject
Project("{9A19103F-16F7-4668-BE54-9A1E7A4F7556}") = "ControleFinanceiro.Data", "ControleFinanceiro.Data\ControleFinanceiro.Data.csproj", "{AD85B238-B94C-4D8F-AD23-BFE05BF4E84A}"
EndProject
Project("{9A19103F-16F7-4668-BE54-9A1E7A4F7556}") = "ControleFinanceiro.CrossCutting", "ControleFinanceiro.CrossCutting\ControleFinanceiro.CrossCutting.csproj", "{5C85C7CA-2370-4007-8140-E752CC3DC479}"
EndProject
Project("{FAE04EC0-301F-11D3-BF4B-00C04F79EFBC}") = "ControleFinanceiro.Models", "ControleFinanceiro.Models\ControleFinanceiro.Models.csproj", "{581DC540-A456-4C2F-96A2-551D8A9BDD4D}"
EndProject
Global
	GlobalSection(SolutionConfigurationPlatforms) = preSolution
		Debug|Any CPU = Debug|Any CPU
		Release|Any CPU = Release|Any CPU
	EndGlobalSection
	GlobalSection(ProjectConfigurationPlatforms) = postSolution
		{DB831A25-ADCB-4641-8038-24AB9FECACFC}.Debug|Any CPU.ActiveCfg = Debug|Any CPU
		{DB831A25-ADCB-4641-8038-24AB9FECACFC}.Debug|Any CPU.Build.0 = Debug|Any CPU
		{DB831A25-ADCB-4641-8038-24AB9FECACFC}.Release|Any CPU.ActiveCfg = Release|Any CPU
		{DB831A25-ADCB-4641-8038-24AB9FECACFC}.Release|Any CPU.Build.0 = Release|Any CPU
		{E3C1EF9B-6B29-40BE-AB93-035AAE2B1ED6}.Debug|Any CPU.ActiveCfg = Debug|Any CPU
		{E3C1EF9B-6B29-40BE-AB93-035AAE2B1ED6}.Debug|Any CPU.Build.0 = Debug|Any CPU
		{E3C1EF9B-6B29-40BE-AB93-035AAE2B1ED6}.Release|Any CPU.ActiveCfg = Release|Any CPU
		{E3C1EF9B-6B29-40BE-AB93-035AAE2B1ED6}.Release|Any CPU.Build.0 = Release|Any CPU
		{26D1FB16-C578-45D5-A6DE-27C32F42008D}.Debug|Any CPU.ActiveCfg = Debug|Any CPU
		{26D1FB16-C578-45D5-A6DE-27C32F42008D}.Debug|Any CPU.Build.0 = Debug|Any CPU
		{26D1FB16-C578-45D5-A6DE-27C32F42008D}.Release|Any CPU.ActiveCfg = Release|Any CPU
		{26D1FB16-C578-45D5-A6DE-27C32F42008D}.Release|Any CPU.Build.0 = Release|Any CPU
		{3BA2CC73-BB2A-422F-B279-DD79E435CC43}.Debug|Any CPU.ActiveCfg = Debug|Any CPU
		{3BA2CC73-BB2A-422F-B279-DD79E435CC43}.Debug|Any CPU.Build.0 = Debug|Any CPU
		{3BA2CC73-BB2A-422F-B279-DD79E435CC43}.Release|Any CPU.ActiveCfg = Release|Any CPU
		{3BA2CC73-BB2A-422F-B279-DD79E435CC43}.Release|Any CPU.Build.0 = Release|Any CPU
		{AD85B238-B94C-4D8F-AD23-BFE05BF4E84A}.Debug|Any CPU.ActiveCfg = Debug|Any CPU
		{AD85B238-B94C-4D8F-AD23-BFE05BF4E84A}.Debug|Any CPU.Build.0 = Debug|Any CPU
		{AD85B238-B94C-4D8F-AD23-BFE05BF4E84A}.Release|Any CPU.ActiveCfg = Release|Any CPU
		{AD85B238-B94C-4D8F-AD23-BFE05BF4E84A}.Release|Any CPU.Build.0 = Release|Any CPU
		{5C85C7CA-2370-4007-8140-E752CC3DC479}.Debug|Any CPU.ActiveCfg = Debug|Any CPU
		{5C85C7CA-2370-4007-8140-E752CC3DC479}.Debug|Any CPU.Build.0 = Debug|Any CPU
		{5C85C7CA-2370-4007-8140-E752CC3DC479}.Release|Any CPU.ActiveCfg = Release|Any CPU
		{5C85C7CA-2370-4007-8140-E752CC3DC479}.Release|Any CPU.Build.0 = Release|Any CPU
		{581DC540-A456-4C2F-96A2-551D8A9BDD4D}.Debug|Any CPU.ActiveCfg = Debug|Any CPU
		{581DC540-A456-4C2F-96A2-551D8A9BDD4D}.Debug|Any CPU.Build.0 = Debug|Any CPU
		{581DC540-A456-4C2F-96A2-551D8A9BDD4D}.Release|Any CPU.ActiveCfg = Release|Any CPU
		{581DC540-A456-4C2F-96A2-551D8A9BDD4D}.Release|Any CPU.Build.0 = Release|Any CPU
	EndGlobalSection
	GlobalSection(SolutionProperties) = preSolution
		HideSolutionNode = FALSE
	EndGlobalSection
	GlobalSection(ExtensibilityGlobals) = postSolution
		SolutionGuid = {6C7D9EBF-A379-4AD4-AFB9-8D314256CC91}
	EndGlobalSection
EndGlobal
